
Microsoft Visual Studio Solution File, Format Version 12.00
# Visual Studio Version 16
VisualStudioVersion = 16.0.30320.27
MinimumVisualStudioVersion = 10.0.40219.1
Project("{FAE04EC0-301F-11D3-BF4B-00C04F79EFBC}") = "WebSocketForm", "WebSocketForm\WebSocketForm.csproj", "{FB3AFA17-59D2-4CCC-807C-BBB22E0CD5BA}"
EndProject
Project("{FAE04EC0-301F-11D3-BF4B-00C04F79EFBC}") = "NetworkHandler", "NetworkHandler\NetworkHandler.csproj", "{EAA5A2EB-2C06-4DCC-8C99-04743362AD73}"
EndProject
Project("{FAE04EC0-301F-11D3-BF4B-00C04F79EFBC}") = "Model", "Model\Model.csproj", "{8EADB248-4908-43C2-BAEA-8C565F34F608}"
EndProject
Project("{FAE04EC0-301F-11D3-BF4B-00C04F79EFBC}") = "SqlHandler", "SqlHandler\SqlHandler.csproj", "{DC019E20-F2F7-4F9B-AE2F-109982FEC4CA}"
EndProject
Global
	GlobalSection(SolutionConfigurationPlatforms) = preSolution
		Debug|Any CPU = Debug|Any CPU
		Release|Any CPU = Release|Any CPU
	EndGlobalSection
	GlobalSection(ProjectConfigurationPlatforms) = postSolution
		{FB3AFA17-59D2-4CCC-807C-BBB22E0CD5BA}.Debug|Any CPU.ActiveCfg = Debug|Any CPU
		{FB3AFA17-59D2-4CCC-807C-BBB22E0CD5BA}.Debug|Any CPU.Build.0 = Debug|Any CPU
		{FB3AFA17-59D2-4CCC-807C-BBB22E0CD5BA}.Release|Any CPU.ActiveCfg = Release|Any CPU
		{FB3AFA17-59D2-4CCC-807C-BBB22E0CD5BA}.Release|Any CPU.Build.0 = Release|Any CPU
		{EAA5A2EB-2C06-4DCC-8C99-04743362AD73}.Debug|Any CPU.ActiveCfg = Debug|Any CPU
		{EAA5A2EB-2C06-4DCC-8C99-04743362AD73}.Debug|Any CPU.Build.0 = Debug|Any CPU
		{EAA5A2EB-2C06-4DCC-8C99-04743362AD73}.Release|Any CPU.ActiveCfg = Release|Any CPU
		{EAA5A2EB-2C06-4DCC-8C99-04743362AD73}.Release|Any CPU.Build.0 = Release|Any CPU
		{8EADB248-4908-43C2-BAEA-8C565F34F608}.Debug|Any CPU.ActiveCfg = Debug|Any CPU
		{8EADB248-4908-43C2-BAEA-8C565F34F608}.Debug|Any CPU.Build.0 = Debug|Any CPU
		{8EADB248-4908-43C2-BAEA-8C565F34F608}.Release|Any CPU.ActiveCfg = Release|Any CPU
		{8EADB248-4908-43C2-BAEA-8C565F34F608}.Release|Any CPU.Build.0 = Release|Any CPU
		{DC019E20-F2F7-4F9B-AE2F-109982FEC4CA}.Debug|Any CPU.ActiveCfg = Debug|Any CPU
		{DC019E20-F2F7-4F9B-AE2F-109982FEC4CA}.Debug|Any CPU.Build.0 = Debug|Any CPU
		{DC019E20-F2F7-4F9B-AE2F-109982FEC4CA}.Release|Any CPU.ActiveCfg = Release|Any CPU
		{DC019E20-F2F7-4F9B-AE2F-109982FEC4CA}.Release|Any CPU.Build.0 = Release|Any CPU
	EndGlobalSection
	GlobalSection(SolutionProperties) = preSolution
		HideSolutionNode = FALSE
	EndGlobalSection
	GlobalSection(ExtensibilityGlobals) = postSolution
		SolutionGuid = {A3E73C41-B37A-498C-BC8A-E2FC6569E74B}
	EndGlobalSection
EndGlobal
